
Microsoft Visual Studio Solution File, Format Version 12.00
# Visual Studio Version 17
VisualStudioVersion = 17.9.34701.34
MinimumVisualStudioVersion = 10.0.40219.1
Project("{2150E333-8FDC-42A3-9474-1A3956D46DE8}") = "src", "src", "{BB2AD918-ABF4-44E6-AECC-43927902C42A}"
EndProject
Project("{2150E333-8FDC-42A3-9474-1A3956D46DE8}") = "Presentation", "Presentation", "{2ABA251C-9630-49AC-9C83-A866A73717C4}"
EndProject
Project("{2150E333-8FDC-42A3-9474-1A3956D46DE8}") = "Gateways", "Gateways", "{699C7E67-4598-4F8E-BC0C-FE1FFD21FCA4}"
EndProject
Project("{2150E333-8FDC-42A3-9474-1A3956D46DE8}") = "Services", "Services", "{9054DE0C-A718-4A91-B9E6-AFD62E833E23}"
EndProject
Project("{2150E333-8FDC-42A3-9474-1A3956D46DE8}") = "IdentityService", "IdentityService", "{FA3D2F75-2952-4F53-B34E-7FB62655EDF9}"
EndProject
Project("{2150E333-8FDC-42A3-9474-1A3956D46DE8}") = "PunchService", "PunchService", "{B5F9525F-A9E0-498D-AFD6-890CD298CE52}"
EndProject
Project("{2150E333-8FDC-42A3-9474-1A3956D46DE8}") = "SessionService", "SessionService", "{4C09B081-E8A8-4343-881A-E4408C98FCCE}"
EndProject
Project("{2150E333-8FDC-42A3-9474-1A3956D46DE8}") = "ImageService", "ImageService", "{2C9520C6-0EC1-4FC6-9893-2BC8235ABFF8}"
EndProject
Project("{2150E333-8FDC-42A3-9474-1A3956D46DE8}") = "RuleService", "RuleService", "{864DB9A0-6B30-495F-8753-E3DD7DA5ABB4}"
EndProject
Project("{2150E333-8FDC-42A3-9474-1A3956D46DE8}") = "PayrollService", "PayrollService", "{DAFD4A65-5944-4D5A-B1DF-92B02F0C83DF}"
EndProject
Project("{2150E333-8FDC-42A3-9474-1A3956D46DE8}") = "LeaveService", "LeaveService", "{E939B0CF-64BE-40ED-A6E9-177B5013EAB0}"
EndProject
Project("{2150E333-8FDC-42A3-9474-1A3956D46DE8}") = "EmployeeService", "EmployeeService", "{D1AC38E8-4557-461D-AF72-B0F1B58E03FC}"
EndProject
Project("{2150E333-8FDC-42A3-9474-1A3956D46DE8}") = "Shared", "Shared", "{B66C531B-C1B6-464D-A947-045DEA6FD0B8}"
EndProject
Project("{2150E333-8FDC-42A3-9474-1A3956D46DE8}") = "Contracts", "Contracts", "{38C12AE8-B440-47BC-BEB7-8639034B21EB}"
EndProject
Project("{9A19103F-16F7-4668-BE54-9A1E7A4F7556}") = "Quartz.Shared.Contracts", "Quartz.Shared.Contracts\Quartz.Shared.Contracts.csproj", "{74BF1033-D937-4836-B395-58BD23CB1B9C}"
EndProject
Project("{9A19103F-16F7-4668-BE54-9A1E7A4F7556}") = "Quartz.Services.ImageService.Application", "Quartz.Services.ImageService.Application\Quartz.Services.ImageService.Application.csproj", "{7AFB3FF8-5C61-43CA-ABE6-798359F6C646}"
EndProject
Project("{9A19103F-16F7-4668-BE54-9A1E7A4F7556}") = "Quartz.Services.ImageService.Domain", "Quartz.Services.ImageService.Domain\Quartz.Services.ImageService.Domain.csproj", "{FF7AB392-E2CD-4579-9592-270C90A75490}"
EndProject
Project("{9A19103F-16F7-4668-BE54-9A1E7A4F7556}") = "Quartz.Services.ImageService.Infrastructure", "Quartz.Services.ImageService.Infrastructure\Quartz.Services.ImageService.Infrastructure.csproj", "{CC4A59E6-D648-4CD4-99AD-246208A3E097}"
EndProject
Project("{9A19103F-16F7-4668-BE54-9A1E7A4F7556}") = "Quartz.Services.ImageService.Persistence", "Quartz.Services.ImageService.Persistence\Quartz.Services.ImageService.Persistence.csproj", "{95A66CA8-392E-454F-9624-0EBFD2E8C48B}"
EndProject
Project("{2150E333-8FDC-42A3-9474-1A3956D46DE8}") = "API", "API", "{9CAF9B27-9CB3-4AD9-990C-787737BD5CB0}"
EndProject
Project("{2150E333-8FDC-42A3-9474-1A3956D46DE8}") = "Core", "Core", "{8EACC375-E544-4D30-933D-71C599FB67F5}"
EndProject
Project("{2150E333-8FDC-42A3-9474-1A3956D46DE8}") = "Infra", "Infra", "{357834A6-BE2D-4AF4-8DFA-1458188F701B}"
EndProject
Project("{9A19103F-16F7-4668-BE54-9A1E7A4F7556}") = "Quartz.Services.ImageService.API", "Quartz.Services.ImageService.API\Quartz.Services.ImageService.API.csproj", "{98B7342A-0D16-4EB3-85FE-75DF81904123}"
EndProject
Global
	GlobalSection(SolutionConfigurationPlatforms) = preSolution
		Debug|Any CPU = Debug|Any CPU
		Release|Any CPU = Release|Any CPU
	EndGlobalSection
	GlobalSection(ProjectConfigurationPlatforms) = postSolution
		{74BF1033-D937-4836-B395-58BD23CB1B9C}.Debug|Any CPU.ActiveCfg = Debug|Any CPU
		{74BF1033-D937-4836-B395-58BD23CB1B9C}.Debug|Any CPU.Build.0 = Debug|Any CPU
		{74BF1033-D937-4836-B395-58BD23CB1B9C}.Release|Any CPU.ActiveCfg = Release|Any CPU
		{74BF1033-D937-4836-B395-58BD23CB1B9C}.Release|Any CPU.Build.0 = Release|Any CPU
		{7AFB3FF8-5C61-43CA-ABE6-798359F6C646}.Debug|Any CPU.ActiveCfg = Debug|Any CPU
		{7AFB3FF8-5C61-43CA-ABE6-798359F6C646}.Debug|Any CPU.Build.0 = Debug|Any CPU
		{7AFB3FF8-5C61-43CA-ABE6-798359F6C646}.Release|Any CPU.ActiveCfg = Release|Any CPU
		{7AFB3FF8-5C61-43CA-ABE6-798359F6C646}.Release|Any CPU.Build.0 = Release|Any CPU
		{FF7AB392-E2CD-4579-9592-270C90A75490}.Debug|Any CPU.ActiveCfg = Debug|Any CPU
		{FF7AB392-E2CD-4579-9592-270C90A75490}.Debug|Any CPU.Build.0 = Debug|Any CPU
		{FF7AB392-E2CD-4579-9592-270C90A75490}.Release|Any CPU.ActiveCfg = Release|Any CPU
		{FF7AB392-E2CD-4579-9592-270C90A75490}.Release|Any CPU.Build.0 = Release|Any CPU
		{CC4A59E6-D648-4CD4-99AD-246208A3E097}.Debug|Any CPU.ActiveCfg = Debug|Any CPU
		{CC4A59E6-D648-4CD4-99AD-246208A3E097}.Debug|Any CPU.Build.0 = Debug|Any CPU
		{CC4A59E6-D648-4CD4-99AD-246208A3E097}.Release|Any CPU.ActiveCfg = Release|Any CPU
		{CC4A59E6-D648-4CD4-99AD-246208A3E097}.Release|Any CPU.Build.0 = Release|Any CPU
		{95A66CA8-392E-454F-9624-0EBFD2E8C48B}.Debug|Any CPU.ActiveCfg = Debug|Any CPU
		{95A66CA8-392E-454F-9624-0EBFD2E8C48B}.Debug|Any CPU.Build.0 = Debug|Any CPU
		{95A66CA8-392E-454F-9624-0EBFD2E8C48B}.Release|Any CPU.ActiveCfg = Release|Any CPU
		{95A66CA8-392E-454F-9624-0EBFD2E8C48B}.Release|Any CPU.Build.0 = Release|Any CPU
		{98B7342A-0D16-4EB3-85FE-75DF81904123}.Debug|Any CPU.ActiveCfg = Debug|Any CPU
		{98B7342A-0D16-4EB3-85FE-75DF81904123}.Debug|Any CPU.Build.0 = Debug|Any CPU
		{98B7342A-0D16-4EB3-85FE-75DF81904123}.Release|Any CPU.ActiveCfg = Release|Any CPU
		{98B7342A-0D16-4EB3-85FE-75DF81904123}.Release|Any CPU.Build.0 = Release|Any CPU
	EndGlobalSection
	GlobalSection(SolutionProperties) = preSolution
		HideSolutionNode = FALSE
	EndGlobalSection
	GlobalSection(NestedProjects) = preSolution
		{2ABA251C-9630-49AC-9C83-A866A73717C4} = {BB2AD918-ABF4-44E6-AECC-43927902C42A}
		{699C7E67-4598-4F8E-BC0C-FE1FFD21FCA4} = {BB2AD918-ABF4-44E6-AECC-43927902C42A}
		{9054DE0C-A718-4A91-B9E6-AFD62E833E23} = {BB2AD918-ABF4-44E6-AECC-43927902C42A}
		{FA3D2F75-2952-4F53-B34E-7FB62655EDF9} = {9054DE0C-A718-4A91-B9E6-AFD62E833E23}
		{B5F9525F-A9E0-498D-AFD6-890CD298CE52} = {9054DE0C-A718-4A91-B9E6-AFD62E833E23}
		{4C09B081-E8A8-4343-881A-E4408C98FCCE} = {9054DE0C-A718-4A91-B9E6-AFD62E833E23}
		{2C9520C6-0EC1-4FC6-9893-2BC8235ABFF8} = {9054DE0C-A718-4A91-B9E6-AFD62E833E23}
		{864DB9A0-6B30-495F-8753-E3DD7DA5ABB4} = {9054DE0C-A718-4A91-B9E6-AFD62E833E23}
		{DAFD4A65-5944-4D5A-B1DF-92B02F0C83DF} = {9054DE0C-A718-4A91-B9E6-AFD62E833E23}
		{E939B0CF-64BE-40ED-A6E9-177B5013EAB0} = {9054DE0C-A718-4A91-B9E6-AFD62E833E23}
		{D1AC38E8-4557-461D-AF72-B0F1B58E03FC} = {9054DE0C-A718-4A91-B9E6-AFD62E833E23}
		{B66C531B-C1B6-464D-A947-045DEA6FD0B8} = {BB2AD918-ABF4-44E6-AECC-43927902C42A}
		{38C12AE8-B440-47BC-BEB7-8639034B21EB} = {B66C531B-C1B6-464D-A947-045DEA6FD0B8}
		{74BF1033-D937-4836-B395-58BD23CB1B9C} = {38C12AE8-B440-47BC-BEB7-8639034B21EB}
		{7AFB3FF8-5C61-43CA-ABE6-798359F6C646} = {8EACC375-E544-4D30-933D-71C599FB67F5}
		{FF7AB392-E2CD-4579-9592-270C90A75490} = {8EACC375-E544-4D30-933D-71C599FB67F5}
		{CC4A59E6-D648-4CD4-99AD-246208A3E097} = {357834A6-BE2D-4AF4-8DFA-1458188F701B}
		{95A66CA8-392E-454F-9624-0EBFD2E8C48B} = {357834A6-BE2D-4AF4-8DFA-1458188F701B}
		{9CAF9B27-9CB3-4AD9-990C-787737BD5CB0} = {2C9520C6-0EC1-4FC6-9893-2BC8235ABFF8}
		{8EACC375-E544-4D30-933D-71C599FB67F5} = {2C9520C6-0EC1-4FC6-9893-2BC8235ABFF8}
		{357834A6-BE2D-4AF4-8DFA-1458188F701B} = {2C9520C6-0EC1-4FC6-9893-2BC8235ABFF8}
		{98B7342A-0D16-4EB3-85FE-75DF81904123} = {9CAF9B27-9CB3-4AD9-990C-787737BD5CB0}
	EndGlobalSection
	GlobalSection(ExtensibilityGlobals) = postSolution
		SolutionGuid = {B4F1C848-07C3-4417-A65C-26C87D4512AC}
	EndGlobalSection
EndGlobal
