
Microsoft Visual Studio Solution File, Format Version 12.00
# Visual Studio Version 17
VisualStudioVersion = 17.9.34701.34
MinimumVisualStudioVersion = 10.0.40219.1
Project("{2150E333-8FDC-42A3-9474-1A3956D46DE8}") = "src", "src", "{BB2AD918-ABF4-44E6-AECC-43927902C42A}"
EndProject
Project("{2150E333-8FDC-42A3-9474-1A3956D46DE8}") = "Presentation", "Presentation", "{2ABA251C-9630-49AC-9C83-A866A73717C4}"
EndProject
Project("{2150E333-8FDC-42A3-9474-1A3956D46DE8}") = "Gateways", "Gateways", "{699C7E67-4598-4F8E-BC0C-FE1FFD21FCA4}"
EndProject
Project("{2150E333-8FDC-42A3-9474-1A3956D46DE8}") = "Services", "Services", "{9054DE0C-A718-4A91-B9E6-AFD62E833E23}"
EndProject
Project("{2150E333-8FDC-42A3-9474-1A3956D46DE8}") = "IdentityService", "IdentityService", "{FA3D2F75-2952-4F53-B34E-7FB62655EDF9}"
EndProject
Project("{2150E333-8FDC-42A3-9474-1A3956D46DE8}") = "PunchService", "PunchService", "{B5F9525F-A9E0-498D-AFD6-890CD298CE52}"
EndProject
Project("{2150E333-8FDC-42A3-9474-1A3956D46DE8}") = "SessionService", "SessionService", "{4C09B081-E8A8-4343-881A-E4408C98FCCE}"
EndProject
Project("{2150E333-8FDC-42A3-9474-1A3956D46DE8}") = "ImageService", "ImageService", "{2C9520C6-0EC1-4FC6-9893-2BC8235ABFF8}"
EndProject
Project("{2150E333-8FDC-42A3-9474-1A3956D46DE8}") = "RuleService", "RuleService", "{864DB9A0-6B30-495F-8753-E3DD7DA5ABB4}"
EndProject
Project("{2150E333-8FDC-42A3-9474-1A3956D46DE8}") = "PayrollService", "PayrollService", "{DAFD4A65-5944-4D5A-B1DF-92B02F0C83DF}"
EndProject
Project("{2150E333-8FDC-42A3-9474-1A3956D46DE8}") = "LeaveService", "LeaveService", "{E939B0CF-64BE-40ED-A6E9-177B5013EAB0}"
EndProject
Project("{2150E333-8FDC-42A3-9474-1A3956D46DE8}") = "EmployeeService", "EmployeeService", "{D1AC38E8-4557-461D-AF72-B0F1B58E03FC}"
EndProject
Project("{2150E333-8FDC-42A3-9474-1A3956D46DE8}") = "Shared", "Shared", "{B66C531B-C1B6-464D-A947-045DEA6FD0B8}"
EndProject
Project("{9A19103F-16F7-4668-BE54-9A1E7A4F7556}") = "Quartz.Services.ImageService.Application", "Quartz.Services.ImageService.Application\Quartz.Services.ImageService.Application.csproj", "{7AFB3FF8-5C61-43CA-ABE6-798359F6C646}"
EndProject
Project("{9A19103F-16F7-4668-BE54-9A1E7A4F7556}") = "Quartz.Services.ImageService.Domain", "Quartz.Services.ImageService.Domain\Quartz.Services.ImageService.Domain.csproj", "{FF7AB392-E2CD-4579-9592-270C90A75490}"
EndProject
Project("{9A19103F-16F7-4668-BE54-9A1E7A4F7556}") = "Quartz.Services.ImageService.Infrastructure", "Quartz.Services.ImageService.Infrastructure\Quartz.Services.ImageService.Infrastructure.csproj", "{CC4A59E6-D648-4CD4-99AD-246208A3E097}"
EndProject
Project("{9A19103F-16F7-4668-BE54-9A1E7A4F7556}") = "Quartz.Services.ImageService.Persistence", "Quartz.Services.ImageService.Persistence\Quartz.Services.ImageService.Persistence.csproj", "{95A66CA8-392E-454F-9624-0EBFD2E8C48B}"
EndProject
Project("{2150E333-8FDC-42A3-9474-1A3956D46DE8}") = "API", "API", "{9CAF9B27-9CB3-4AD9-990C-787737BD5CB0}"
EndProject
Project("{2150E333-8FDC-42A3-9474-1A3956D46DE8}") = "Core", "Core", "{8EACC375-E544-4D30-933D-71C599FB67F5}"
EndProject
Project("{2150E333-8FDC-42A3-9474-1A3956D46DE8}") = "Infra", "Infra", "{357834A6-BE2D-4AF4-8DFA-1458188F701B}"
EndProject
Project("{9A19103F-16F7-4668-BE54-9A1E7A4F7556}") = "Quartz.Services.ImageService.API", "Quartz.Services.ImageService.API\Quartz.Services.ImageService.API.csproj", "{98B7342A-0D16-4EB3-85FE-75DF81904123}"
EndProject
Project("{2150E333-8FDC-42A3-9474-1A3956D46DE8}") = "ListenerService", "ListenerService", "{2A727294-6627-4B00-8AA6-5387F18028DB}"
EndProject
Project("{2150E333-8FDC-42A3-9474-1A3956D46DE8}") = "ImageWorker", "ImageWorker", "{D06F2614-98D9-4751-8D6E-9B4F4213B4AE}"
EndProject
Project("{9A19103F-16F7-4668-BE54-9A1E7A4F7556}") = "Quartz.Services.ImageListener.Worker", "Quartz.Services.ImageListener.Worker\Quartz.Services.ImageListener.Worker.csproj", "{6F202A44-B589-4581-BECA-9739DFDF8897}"
EndProject
Project("{2150E333-8FDC-42A3-9474-1A3956D46DE8}") = "Infra", "Infra", "{72B158E7-BEAC-4A74-AC7A-11572D8639B6}"
EndProject
Project("{2150E333-8FDC-42A3-9474-1A3956D46DE8}") = "Integration", "Integration", "{1F684AF2-FFC5-4665-B752-50E568D3254C}"
EndProject
Project("{9A19103F-16F7-4668-BE54-9A1E7A4F7556}") = "Quartz.Shared.Integration", "Quartz.Shared.Integration\Quartz.Shared.Integration.csproj", "{3A67F1C5-5FB5-412A-874B-272F3ED852D2}"
EndProject
Project("{9A19103F-16F7-4668-BE54-9A1E7A4F7556}") = "Quartz.Gateway.Web.Api", "Quartz.Gateway.Web.Api\Quartz.Gateway.Web.Api.csproj", "{7215FA1A-3B44-4542-8A46-644F32114DCF}"
EndProject
Project("{9A19103F-16F7-4668-BE54-9A1E7A4F7556}") = "Quartz.Presentation.Web", "Quartz.Presentation.Web\Quartz.Presentation.Web\Quartz.Presentation.Web.csproj", "{3C47E4FF-2F45-4FFF-8140-B1573012B172}"
EndProject
Project("{9A19103F-16F7-4668-BE54-9A1E7A4F7556}") = "Quartz.Presentation.Web.Client", "Quartz.Presentation.Web\Quartz.Presentation.Web.Client\Quartz.Presentation.Web.Client.csproj", "{B15FE48D-FCDF-464D-BE2C-2AD115168567}"
EndProject
Project("{2150E333-8FDC-42A3-9474-1A3956D46DE8}") = "Middlewares", "Middlewares", "{F5299E85-BC5F-4634-89F5-651CA9579B7E}"
EndProject
Project("{9A19103F-16F7-4668-BE54-9A1E7A4F7556}") = "Quartz.Shared.Middlewares", "Quartz.Shared.Middlewares\Quartz.Shared.Middlewares.csproj", "{8163EC66-E089-4235-BC21-A45FEFF047E7}"
EndProject
Project("{2150E333-8FDC-42A3-9474-1A3956D46DE8}") = "Caching", "Caching", "{BE43A569-61FD-4EDF-9214-98CC2099EB61}"
EndProject
Project("{9A19103F-16F7-4668-BE54-9A1E7A4F7556}") = "Quartz.Shared.Caching", "Quartz.Shared.Caching\Quartz.Shared.Caching.csproj", "{8B01D847-5FFF-422A-99EF-C5F0FDF13F7C}"
EndProject
Project("{2150E333-8FDC-42A3-9474-1A3956D46DE8}") = "MediatR", "MediatR", "{414765D9-FF4B-4E59-BCC2-C1C9AD8F1264}"
EndProject
Project("{9A19103F-16F7-4668-BE54-9A1E7A4F7556}") = "Quartz.Shared.MediatR", "Quartz.Shared.MediatR\Quartz.Shared.MediatR.csproj", "{DB9B5F8B-3EE1-4B5B-B4E0-FF33FA395E34}"
EndProject
Project("{2150E333-8FDC-42A3-9474-1A3956D46DE8}") = "Messaging", "Messaging", "{F37B8837-C494-4DF3-91A2-BF253C3724A1}"
EndProject
Project("{9A19103F-16F7-4668-BE54-9A1E7A4F7556}") = "Quartz.Shared.Messaging", "Quartz.Shared.Messaging\Quartz.Shared.Messaging.csproj", "{A4B8E01D-817A-400E-91AE-6F3A2BC54B9F}"
EndProject
Global
	GlobalSection(SolutionConfigurationPlatforms) = preSolution
		Debug|Any CPU = Debug|Any CPU
		Release|Any CPU = Release|Any CPU
	EndGlobalSection
	GlobalSection(ProjectConfigurationPlatforms) = postSolution
		{7AFB3FF8-5C61-43CA-ABE6-798359F6C646}.Debug|Any CPU.ActiveCfg = Debug|Any CPU
		{7AFB3FF8-5C61-43CA-ABE6-798359F6C646}.Debug|Any CPU.Build.0 = Debug|Any CPU
		{7AFB3FF8-5C61-43CA-ABE6-798359F6C646}.Release|Any CPU.ActiveCfg = Release|Any CPU
		{7AFB3FF8-5C61-43CA-ABE6-798359F6C646}.Release|Any CPU.Build.0 = Release|Any CPU
		{FF7AB392-E2CD-4579-9592-270C90A75490}.Debug|Any CPU.ActiveCfg = Debug|Any CPU
		{FF7AB392-E2CD-4579-9592-270C90A75490}.Debug|Any CPU.Build.0 = Debug|Any CPU
		{FF7AB392-E2CD-4579-9592-270C90A75490}.Release|Any CPU.ActiveCfg = Release|Any CPU
		{FF7AB392-E2CD-4579-9592-270C90A75490}.Release|Any CPU.Build.0 = Release|Any CPU
		{CC4A59E6-D648-4CD4-99AD-246208A3E097}.Debug|Any CPU.ActiveCfg = Debug|Any CPU
		{CC4A59E6-D648-4CD4-99AD-246208A3E097}.Debug|Any CPU.Build.0 = Debug|Any CPU
		{CC4A59E6-D648-4CD4-99AD-246208A3E097}.Release|Any CPU.ActiveCfg = Release|Any CPU
		{CC4A59E6-D648-4CD4-99AD-246208A3E097}.Release|Any CPU.Build.0 = Release|Any CPU
		{95A66CA8-392E-454F-9624-0EBFD2E8C48B}.Debug|Any CPU.ActiveCfg = Debug|Any CPU
		{95A66CA8-392E-454F-9624-0EBFD2E8C48B}.Debug|Any CPU.Build.0 = Debug|Any CPU
		{95A66CA8-392E-454F-9624-0EBFD2E8C48B}.Release|Any CPU.ActiveCfg = Release|Any CPU
		{95A66CA8-392E-454F-9624-0EBFD2E8C48B}.Release|Any CPU.Build.0 = Release|Any CPU
		{98B7342A-0D16-4EB3-85FE-75DF81904123}.Debug|Any CPU.ActiveCfg = Debug|Any CPU
		{98B7342A-0D16-4EB3-85FE-75DF81904123}.Debug|Any CPU.Build.0 = Debug|Any CPU
		{98B7342A-0D16-4EB3-85FE-75DF81904123}.Release|Any CPU.ActiveCfg = Release|Any CPU
		{98B7342A-0D16-4EB3-85FE-75DF81904123}.Release|Any CPU.Build.0 = Release|Any CPU
		{6F202A44-B589-4581-BECA-9739DFDF8897}.Debug|Any CPU.ActiveCfg = Debug|Any CPU
		{6F202A44-B589-4581-BECA-9739DFDF8897}.Debug|Any CPU.Build.0 = Debug|Any CPU
		{6F202A44-B589-4581-BECA-9739DFDF8897}.Release|Any CPU.ActiveCfg = Release|Any CPU
		{6F202A44-B589-4581-BECA-9739DFDF8897}.Release|Any CPU.Build.0 = Release|Any CPU
		{3A67F1C5-5FB5-412A-874B-272F3ED852D2}.Debug|Any CPU.ActiveCfg = Debug|Any CPU
		{3A67F1C5-5FB5-412A-874B-272F3ED852D2}.Debug|Any CPU.Build.0 = Debug|Any CPU
		{3A67F1C5-5FB5-412A-874B-272F3ED852D2}.Release|Any CPU.ActiveCfg = Release|Any CPU
		{3A67F1C5-5FB5-412A-874B-272F3ED852D2}.Release|Any CPU.Build.0 = Release|Any CPU
		{7215FA1A-3B44-4542-8A46-644F32114DCF}.Debug|Any CPU.ActiveCfg = Debug|Any CPU
		{7215FA1A-3B44-4542-8A46-644F32114DCF}.Debug|Any CPU.Build.0 = Debug|Any CPU
		{7215FA1A-3B44-4542-8A46-644F32114DCF}.Release|Any CPU.ActiveCfg = Release|Any CPU
		{7215FA1A-3B44-4542-8A46-644F32114DCF}.Release|Any CPU.Build.0 = Release|Any CPU
		{3C47E4FF-2F45-4FFF-8140-B1573012B172}.Debug|Any CPU.ActiveCfg = Debug|Any CPU
		{3C47E4FF-2F45-4FFF-8140-B1573012B172}.Debug|Any CPU.Build.0 = Debug|Any CPU
		{3C47E4FF-2F45-4FFF-8140-B1573012B172}.Release|Any CPU.ActiveCfg = Release|Any CPU
		{3C47E4FF-2F45-4FFF-8140-B1573012B172}.Release|Any CPU.Build.0 = Release|Any CPU
		{B15FE48D-FCDF-464D-BE2C-2AD115168567}.Debug|Any CPU.ActiveCfg = Debug|Any CPU
		{B15FE48D-FCDF-464D-BE2C-2AD115168567}.Debug|Any CPU.Build.0 = Debug|Any CPU
		{B15FE48D-FCDF-464D-BE2C-2AD115168567}.Release|Any CPU.ActiveCfg = Release|Any CPU
		{B15FE48D-FCDF-464D-BE2C-2AD115168567}.Release|Any CPU.Build.0 = Release|Any CPU
		{8163EC66-E089-4235-BC21-A45FEFF047E7}.Debug|Any CPU.ActiveCfg = Debug|Any CPU
		{8163EC66-E089-4235-BC21-A45FEFF047E7}.Debug|Any CPU.Build.0 = Debug|Any CPU
		{8163EC66-E089-4235-BC21-A45FEFF047E7}.Release|Any CPU.ActiveCfg = Release|Any CPU
		{8163EC66-E089-4235-BC21-A45FEFF047E7}.Release|Any CPU.Build.0 = Release|Any CPU
		{8B01D847-5FFF-422A-99EF-C5F0FDF13F7C}.Debug|Any CPU.ActiveCfg = Debug|Any CPU
		{8B01D847-5FFF-422A-99EF-C5F0FDF13F7C}.Debug|Any CPU.Build.0 = Debug|Any CPU
		{8B01D847-5FFF-422A-99EF-C5F0FDF13F7C}.Release|Any CPU.ActiveCfg = Release|Any CPU
		{8B01D847-5FFF-422A-99EF-C5F0FDF13F7C}.Release|Any CPU.Build.0 = Release|Any CPU
		{DB9B5F8B-3EE1-4B5B-B4E0-FF33FA395E34}.Debug|Any CPU.ActiveCfg = Debug|Any CPU
		{DB9B5F8B-3EE1-4B5B-B4E0-FF33FA395E34}.Debug|Any CPU.Build.0 = Debug|Any CPU
		{DB9B5F8B-3EE1-4B5B-B4E0-FF33FA395E34}.Release|Any CPU.ActiveCfg = Release|Any CPU
		{DB9B5F8B-3EE1-4B5B-B4E0-FF33FA395E34}.Release|Any CPU.Build.0 = Release|Any CPU
		{A4B8E01D-817A-400E-91AE-6F3A2BC54B9F}.Debug|Any CPU.ActiveCfg = Debug|Any CPU
		{A4B8E01D-817A-400E-91AE-6F3A2BC54B9F}.Debug|Any CPU.Build.0 = Debug|Any CPU
		{A4B8E01D-817A-400E-91AE-6F3A2BC54B9F}.Release|Any CPU.ActiveCfg = Release|Any CPU
		{A4B8E01D-817A-400E-91AE-6F3A2BC54B9F}.Release|Any CPU.Build.0 = Release|Any CPU
	EndGlobalSection
	GlobalSection(SolutionProperties) = preSolution
		HideSolutionNode = FALSE
	EndGlobalSection
	GlobalSection(NestedProjects) = preSolution
		{2ABA251C-9630-49AC-9C83-A866A73717C4} = {BB2AD918-ABF4-44E6-AECC-43927902C42A}
		{699C7E67-4598-4F8E-BC0C-FE1FFD21FCA4} = {BB2AD918-ABF4-44E6-AECC-43927902C42A}
		{9054DE0C-A718-4A91-B9E6-AFD62E833E23} = {BB2AD918-ABF4-44E6-AECC-43927902C42A}
		{FA3D2F75-2952-4F53-B34E-7FB62655EDF9} = {9054DE0C-A718-4A91-B9E6-AFD62E833E23}
		{B5F9525F-A9E0-498D-AFD6-890CD298CE52} = {9054DE0C-A718-4A91-B9E6-AFD62E833E23}
		{4C09B081-E8A8-4343-881A-E4408C98FCCE} = {9054DE0C-A718-4A91-B9E6-AFD62E833E23}
		{2C9520C6-0EC1-4FC6-9893-2BC8235ABFF8} = {9054DE0C-A718-4A91-B9E6-AFD62E833E23}
		{864DB9A0-6B30-495F-8753-E3DD7DA5ABB4} = {9054DE0C-A718-4A91-B9E6-AFD62E833E23}
		{DAFD4A65-5944-4D5A-B1DF-92B02F0C83DF} = {9054DE0C-A718-4A91-B9E6-AFD62E833E23}
		{E939B0CF-64BE-40ED-A6E9-177B5013EAB0} = {9054DE0C-A718-4A91-B9E6-AFD62E833E23}
		{D1AC38E8-4557-461D-AF72-B0F1B58E03FC} = {9054DE0C-A718-4A91-B9E6-AFD62E833E23}
		{B66C531B-C1B6-464D-A947-045DEA6FD0B8} = {BB2AD918-ABF4-44E6-AECC-43927902C42A}
		{7AFB3FF8-5C61-43CA-ABE6-798359F6C646} = {8EACC375-E544-4D30-933D-71C599FB67F5}
		{FF7AB392-E2CD-4579-9592-270C90A75490} = {8EACC375-E544-4D30-933D-71C599FB67F5}
		{CC4A59E6-D648-4CD4-99AD-246208A3E097} = {357834A6-BE2D-4AF4-8DFA-1458188F701B}
		{95A66CA8-392E-454F-9624-0EBFD2E8C48B} = {357834A6-BE2D-4AF4-8DFA-1458188F701B}
		{9CAF9B27-9CB3-4AD9-990C-787737BD5CB0} = {2C9520C6-0EC1-4FC6-9893-2BC8235ABFF8}
		{8EACC375-E544-4D30-933D-71C599FB67F5} = {2C9520C6-0EC1-4FC6-9893-2BC8235ABFF8}
		{357834A6-BE2D-4AF4-8DFA-1458188F701B} = {2C9520C6-0EC1-4FC6-9893-2BC8235ABFF8}
		{98B7342A-0D16-4EB3-85FE-75DF81904123} = {9CAF9B27-9CB3-4AD9-990C-787737BD5CB0}
		{2A727294-6627-4B00-8AA6-5387F18028DB} = {9054DE0C-A718-4A91-B9E6-AFD62E833E23}
		{D06F2614-98D9-4751-8D6E-9B4F4213B4AE} = {2A727294-6627-4B00-8AA6-5387F18028DB}
		{6F202A44-B589-4581-BECA-9739DFDF8897} = {D06F2614-98D9-4751-8D6E-9B4F4213B4AE}
		{72B158E7-BEAC-4A74-AC7A-11572D8639B6} = {2A727294-6627-4B00-8AA6-5387F18028DB}
		{1F684AF2-FFC5-4665-B752-50E568D3254C} = {B66C531B-C1B6-464D-A947-045DEA6FD0B8}
		{3A67F1C5-5FB5-412A-874B-272F3ED852D2} = {1F684AF2-FFC5-4665-B752-50E568D3254C}
		{7215FA1A-3B44-4542-8A46-644F32114DCF} = {699C7E67-4598-4F8E-BC0C-FE1FFD21FCA4}
		{3C47E4FF-2F45-4FFF-8140-B1573012B172} = {2ABA251C-9630-49AC-9C83-A866A73717C4}
		{B15FE48D-FCDF-464D-BE2C-2AD115168567} = {2ABA251C-9630-49AC-9C83-A866A73717C4}
		{F5299E85-BC5F-4634-89F5-651CA9579B7E} = {B66C531B-C1B6-464D-A947-045DEA6FD0B8}
		{8163EC66-E089-4235-BC21-A45FEFF047E7} = {F5299E85-BC5F-4634-89F5-651CA9579B7E}
		{BE43A569-61FD-4EDF-9214-98CC2099EB61} = {B66C531B-C1B6-464D-A947-045DEA6FD0B8}
		{8B01D847-5FFF-422A-99EF-C5F0FDF13F7C} = {BE43A569-61FD-4EDF-9214-98CC2099EB61}
		{414765D9-FF4B-4E59-BCC2-C1C9AD8F1264} = {B66C531B-C1B6-464D-A947-045DEA6FD0B8}
		{DB9B5F8B-3EE1-4B5B-B4E0-FF33FA395E34} = {414765D9-FF4B-4E59-BCC2-C1C9AD8F1264}
		{F37B8837-C494-4DF3-91A2-BF253C3724A1} = {B66C531B-C1B6-464D-A947-045DEA6FD0B8}
		{A4B8E01D-817A-400E-91AE-6F3A2BC54B9F} = {F37B8837-C494-4DF3-91A2-BF253C3724A1}
	EndGlobalSection
	GlobalSection(ExtensibilityGlobals) = postSolution
		SolutionGuid = {B4F1C848-07C3-4417-A65C-26C87D4512AC}
	EndGlobalSection
EndGlobal
